
Microsoft Visual Studio Solution File, Format Version 12.00
# Visual Studio Version 16
VisualStudioVersion = 16.0.31005.135
MinimumVisualStudioVersion = 10.0.40219.1
Project("{FAE04EC0-301F-11D3-BF4B-00C04F79EFBC}") = "Dhoundiyal3", "Dhoundiyal3\Dhoundiyal3.csproj", "{C1FAC6CF-C73E-44EE-99C6-4EABC47F8D72}"
EndProject
Global
	GlobalSection(SolutionConfigurationPlatforms) = preSolution
		Debug|Any CPU = Debug|Any CPU
		Release|Any CPU = Release|Any CPU
	EndGlobalSection
	GlobalSection(ProjectConfigurationPlatforms) = postSolution
		{C1FAC6CF-C73E-44EE-99C6-4EABC47F8D72}.Debug|Any CPU.ActiveCfg = Debug|Any CPU
		{C1FAC6CF-C73E-44EE-99C6-4EABC47F8D72}.Debug|Any CPU.Build.0 = Debug|Any CPU
		{C1FAC6CF-C73E-44EE-99C6-4EABC47F8D72}.Release|Any CPU.ActiveCfg = Release|Any CPU
		{C1FAC6CF-C73E-44EE-99C6-4EABC47F8D72}.Release|Any CPU.Build.0 = Release|Any CPU
	EndGlobalSection
	GlobalSection(SolutionProperties) = preSolution
		HideSolutionNode = FALSE
	EndGlobalSection
	GlobalSection(ExtensibilityGlobals) = postSolution
		SolutionGuid = {6A4077C3-03A0-43B7-A0EB-36FB0CD7301C}
	EndGlobalSection
EndGlobal
